{
  "requires": true,
  "lockfileVersion": 1,
  "dependencies": {
    "tone": {
      "version": "13.3.11",
      "resolved": "https://registry.npmjs.org/tone/-/tone-13.3.11.tgz",
      "integrity": "sha512-5bPKD0XYdZLKo06GuVLwuWOBGLM1/dha/XSiOl1EJNW+xfXL5UMGuSde1R/Kk1CusGDUJUeHX3aD/fZBu48sQA=="
    }
  }
}
